# THIS IS AN AUTOGENERATED FILE. DO NOT EDIT THIS FILE DIRECTLY.
# yarn lockfile v1


flow-bin@^0.263.0:
  version "0.263.0"
  resolved "https://registry.yarnpkg.com/flow-bin/-/flow-bin-0.263.0.tgz#0a836bdf82855d5df9858c781818ce51612be064"
  integrity sha512-FkQywD+7wXru/7/SWJPVnZXUp6CW3XtrVZ26vhAdVfMx9xlwq/Zk/tXcn3OQuiHUA4kQvZNyfgRztp6oXgjsog==
